
Microsoft Visual Studio Solution File, Format Version 12.00
# Visual Studio Version 16
VisualStudioVersion = 16.0.32002.261
MinimumVisualStudioVersion = 10.0.40219.1
Project("{A07B5EB6-E848-4116-A8D0-A826331D98C6}") = "ECommerce", "ECommerce\ECommerce.sfproj", "{38105D9E-70BF-4DE5-8D89-F6C076AAD140}"
EndProject
Project("{9A19103F-16F7-4668-BE54-9A1E7A4F7556}") = "ECommerce.ProductCatalog.Model", "ECommerce.ProductCatalog.Model\ECommerce.ProductCatalog.Model.csproj", "{660D17A4-F0DF-4999-B7F5-4AA29FA0CF76}"
EndProject
Project("{9A19103F-16F7-4668-BE54-9A1E7A4F7556}") = "ECommerce.ProductCatalog", "ECommerce.ProductCatalog\ECommerce.ProductCatalog.csproj", "{46C5F2FC-2680-4CCD-B372-EAB9909E5B8D}"
EndProject
Project("{9A19103F-16F7-4668-BE54-9A1E7A4F7556}") = "ECommerce.API", "ECommerce.API\ECommerce.API.csproj", "{F224776B-C981-4C06-B06E-CDE5872C6DE1}"
EndProject
Project("{9A19103F-16F7-4668-BE54-9A1E7A4F7556}") = "UserActor", "UserActor\UserActor.csproj", "{D5CAF0C9-6CA6-4D72-A3EF-2BB27C35D282}"
EndProject
Project("{9A19103F-16F7-4668-BE54-9A1E7A4F7556}") = "UserActor.Interfaces", "UserActor.Interfaces\UserActor.Interfaces.csproj", "{E6F34BF4-8768-4591-9B76-85C5FA497C69}"
EndProject
Project("{FAE04EC0-301F-11D3-BF4B-00C04F79EFBC}") = "ECommerce.CheckoutService", "ECommerce.CheckoutService\ECommerce.CheckoutService.csproj", "{C2CDA3E5-D836-4E49-9A77-357EA7224844}"
EndProject
Project("{FAE04EC0-301F-11D3-BF4B-00C04F79EFBC}") = "ECommerce.CheckoutService.Model", "ECommerce.CheckoutService.Model\ECommerce.CheckoutService.Model.csproj", "{51A50683-C932-416F-82FB-4C901C157DB0}"
EndProject
Global
	GlobalSection(SolutionConfigurationPlatforms) = preSolution
		Debug|Any CPU = Debug|Any CPU
		Debug|x64 = Debug|x64
		Release|Any CPU = Release|Any CPU
		Release|x64 = Release|x64
	EndGlobalSection
	GlobalSection(ProjectConfigurationPlatforms) = postSolution
		{38105D9E-70BF-4DE5-8D89-F6C076AAD140}.Debug|Any CPU.ActiveCfg = Debug|x64
		{38105D9E-70BF-4DE5-8D89-F6C076AAD140}.Debug|x64.ActiveCfg = Debug|x64
		{38105D9E-70BF-4DE5-8D89-F6C076AAD140}.Debug|x64.Build.0 = Debug|x64
		{38105D9E-70BF-4DE5-8D89-F6C076AAD140}.Debug|x64.Deploy.0 = Debug|x64
		{38105D9E-70BF-4DE5-8D89-F6C076AAD140}.Release|Any CPU.ActiveCfg = Release|x64
		{38105D9E-70BF-4DE5-8D89-F6C076AAD140}.Release|x64.ActiveCfg = Release|x64
		{38105D9E-70BF-4DE5-8D89-F6C076AAD140}.Release|x64.Build.0 = Release|x64
		{38105D9E-70BF-4DE5-8D89-F6C076AAD140}.Release|x64.Deploy.0 = Release|x64
		{660D17A4-F0DF-4999-B7F5-4AA29FA0CF76}.Debug|Any CPU.ActiveCfg = Debug|Any CPU
		{660D17A4-F0DF-4999-B7F5-4AA29FA0CF76}.Debug|Any CPU.Build.0 = Debug|Any CPU
		{660D17A4-F0DF-4999-B7F5-4AA29FA0CF76}.Debug|x64.ActiveCfg = Debug|Any CPU
		{660D17A4-F0DF-4999-B7F5-4AA29FA0CF76}.Debug|x64.Build.0 = Debug|Any CPU
		{660D17A4-F0DF-4999-B7F5-4AA29FA0CF76}.Release|Any CPU.ActiveCfg = Release|Any CPU
		{660D17A4-F0DF-4999-B7F5-4AA29FA0CF76}.Release|Any CPU.Build.0 = Release|Any CPU
		{660D17A4-F0DF-4999-B7F5-4AA29FA0CF76}.Release|x64.ActiveCfg = Release|Any CPU
		{660D17A4-F0DF-4999-B7F5-4AA29FA0CF76}.Release|x64.Build.0 = Release|Any CPU
		{46C5F2FC-2680-4CCD-B372-EAB9909E5B8D}.Debug|Any CPU.ActiveCfg = Debug|Any CPU
		{46C5F2FC-2680-4CCD-B372-EAB9909E5B8D}.Debug|Any CPU.Build.0 = Debug|Any CPU
		{46C5F2FC-2680-4CCD-B372-EAB9909E5B8D}.Debug|x64.ActiveCfg = Debug|Any CPU
		{46C5F2FC-2680-4CCD-B372-EAB9909E5B8D}.Debug|x64.Build.0 = Debug|Any CPU
		{46C5F2FC-2680-4CCD-B372-EAB9909E5B8D}.Release|Any CPU.ActiveCfg = Release|Any CPU
		{46C5F2FC-2680-4CCD-B372-EAB9909E5B8D}.Release|Any CPU.Build.0 = Release|Any CPU
		{46C5F2FC-2680-4CCD-B372-EAB9909E5B8D}.Release|x64.ActiveCfg = Release|Any CPU
		{46C5F2FC-2680-4CCD-B372-EAB9909E5B8D}.Release|x64.Build.0 = Release|Any CPU
		{F224776B-C981-4C06-B06E-CDE5872C6DE1}.Debug|Any CPU.ActiveCfg = Debug|Any CPU
		{F224776B-C981-4C06-B06E-CDE5872C6DE1}.Debug|Any CPU.Build.0 = Debug|Any CPU
		{F224776B-C981-4C06-B06E-CDE5872C6DE1}.Debug|x64.ActiveCfg = Debug|Any CPU
		{F224776B-C981-4C06-B06E-CDE5872C6DE1}.Debug|x64.Build.0 = Debug|Any CPU
		{F224776B-C981-4C06-B06E-CDE5872C6DE1}.Release|Any CPU.ActiveCfg = Release|Any CPU
		{F224776B-C981-4C06-B06E-CDE5872C6DE1}.Release|Any CPU.Build.0 = Release|Any CPU
		{F224776B-C981-4C06-B06E-CDE5872C6DE1}.Release|x64.ActiveCfg = Release|Any CPU
		{F224776B-C981-4C06-B06E-CDE5872C6DE1}.Release|x64.Build.0 = Release|Any CPU
		{D5CAF0C9-6CA6-4D72-A3EF-2BB27C35D282}.Debug|Any CPU.ActiveCfg = Debug|Any CPU
		{D5CAF0C9-6CA6-4D72-A3EF-2BB27C35D282}.Debug|Any CPU.Build.0 = Debug|Any CPU
		{D5CAF0C9-6CA6-4D72-A3EF-2BB27C35D282}.Debug|x64.ActiveCfg = Debug|Any CPU
		{D5CAF0C9-6CA6-4D72-A3EF-2BB27C35D282}.Debug|x64.Build.0 = Debug|Any CPU
		{D5CAF0C9-6CA6-4D72-A3EF-2BB27C35D282}.Release|Any CPU.ActiveCfg = Release|Any CPU
		{D5CAF0C9-6CA6-4D72-A3EF-2BB27C35D282}.Release|Any CPU.Build.0 = Release|Any CPU
		{D5CAF0C9-6CA6-4D72-A3EF-2BB27C35D282}.Release|x64.ActiveCfg = Release|Any CPU
		{D5CAF0C9-6CA6-4D72-A3EF-2BB27C35D282}.Release|x64.Build.0 = Release|Any CPU
		{E6F34BF4-8768-4591-9B76-85C5FA497C69}.Debug|Any CPU.ActiveCfg = Debug|Any CPU
		{E6F34BF4-8768-4591-9B76-85C5FA497C69}.Debug|Any CPU.Build.0 = Debug|Any CPU
		{E6F34BF4-8768-4591-9B76-85C5FA497C69}.Debug|x64.ActiveCfg = Debug|Any CPU
		{E6F34BF4-8768-4591-9B76-85C5FA497C69}.Debug|x64.Build.0 = Debug|Any CPU
		{E6F34BF4-8768-4591-9B76-85C5FA497C69}.Release|Any CPU.ActiveCfg = Release|Any CPU
		{E6F34BF4-8768-4591-9B76-85C5FA497C69}.Release|Any CPU.Build.0 = Release|Any CPU
		{E6F34BF4-8768-4591-9B76-85C5FA497C69}.Release|x64.ActiveCfg = Release|Any CPU
		{E6F34BF4-8768-4591-9B76-85C5FA497C69}.Release|x64.Build.0 = Release|Any CPU
		{C2CDA3E5-D836-4E49-9A77-357EA7224844}.Debug|Any CPU.ActiveCfg = Debug|Any CPU
		{C2CDA3E5-D836-4E49-9A77-357EA7224844}.Debug|Any CPU.Build.0 = Debug|Any CPU
		{C2CDA3E5-D836-4E49-9A77-357EA7224844}.Debug|x64.ActiveCfg = Debug|Any CPU
		{C2CDA3E5-D836-4E49-9A77-357EA7224844}.Debug|x64.Build.0 = Debug|Any CPU
		{C2CDA3E5-D836-4E49-9A77-357EA7224844}.Release|Any CPU.ActiveCfg = Release|Any CPU
		{C2CDA3E5-D836-4E49-9A77-357EA7224844}.Release|Any CPU.Build.0 = Release|Any CPU
		{C2CDA3E5-D836-4E49-9A77-357EA7224844}.Release|x64.ActiveCfg = Release|Any CPU
		{C2CDA3E5-D836-4E49-9A77-357EA7224844}.Release|x64.Build.0 = Release|Any CPU
		{51A50683-C932-416F-82FB-4C901C157DB0}.Debug|Any CPU.ActiveCfg = Debug|Any CPU
		{51A50683-C932-416F-82FB-4C901C157DB0}.Debug|Any CPU.Build.0 = Debug|Any CPU
		{51A50683-C932-416F-82FB-4C901C157DB0}.Debug|x64.ActiveCfg = Debug|Any CPU
		{51A50683-C932-416F-82FB-4C901C157DB0}.Debug|x64.Build.0 = Debug|Any CPU
		{51A50683-C932-416F-82FB-4C901C157DB0}.Release|Any CPU.ActiveCfg = Release|Any CPU
		{51A50683-C932-416F-82FB-4C901C157DB0}.Release|Any CPU.Build.0 = Release|Any CPU
		{51A50683-C932-416F-82FB-4C901C157DB0}.Release|x64.ActiveCfg = Release|Any CPU
		{51A50683-C932-416F-82FB-4C901C157DB0}.Release|x64.Build.0 = Release|Any CPU
	EndGlobalSection
	GlobalSection(SolutionProperties) = preSolution
		HideSolutionNode = FALSE
	EndGlobalSection
	GlobalSection(ExtensibilityGlobals) = postSolution
		SolutionGuid = {96FFB122-193F-4AE0-B833-C217063A3B1A}
	EndGlobalSection
EndGlobal
