
Microsoft Visual Studio Solution File, Format Version 12.00
# Visual Studio Version 17
VisualStudioVersion = 17.9.34622.214
MinimumVisualStudioVersion = 10.0.40219.1
Project("{A07B5EB6-E848-4116-A8D0-A826331D98C6}") = "ServiceFabricMultipleApps", "ServiceFabricMultipleApps\ServiceFabricMultipleApps.sfproj", "{34CA5A84-14E6-4642-B113-CFFCF0A16BF3}"
EndProject
Project("{FAE04EC0-301F-11D3-BF4B-00C04F79EFBC}") = "Stateful1", "Stateful1\Stateful1.csproj", "{1969C5EF-9F70-4F0A-A609-E3B210891A9C}"
EndProject
Project("{FAE04EC0-301F-11D3-BF4B-00C04F79EFBC}") = "Stateful2", "Stateful2\Stateful2.csproj", "{BD8AB4EA-DE95-4AC8-B596-ABC7F71FBDC1}"
EndProject
Project("{FAE04EC0-301F-11D3-BF4B-00C04F79EFBC}") = "Stateful3", "Stateful3\Stateful3.csproj", "{9FC486AE-E46C-4FD0-8901-CC5844AFE29E}"
EndProject
Global
	GlobalSection(SolutionConfigurationPlatforms) = preSolution
		Debug|Any CPU = Debug|Any CPU
		Debug|x64 = Debug|x64
		Release|Any CPU = Release|Any CPU
		Release|x64 = Release|x64
	EndGlobalSection
	GlobalSection(ProjectConfigurationPlatforms) = postSolution
		{34CA5A84-14E6-4642-B113-CFFCF0A16BF3}.Debug|Any CPU.ActiveCfg = Debug|x64
		{34CA5A84-14E6-4642-B113-CFFCF0A16BF3}.Debug|Any CPU.Build.0 = Debug|x64
		{34CA5A84-14E6-4642-B113-CFFCF0A16BF3}.Debug|Any CPU.Deploy.0 = Debug|x64
		{34CA5A84-14E6-4642-B113-CFFCF0A16BF3}.Debug|x64.ActiveCfg = Debug|x64
		{34CA5A84-14E6-4642-B113-CFFCF0A16BF3}.Debug|x64.Build.0 = Debug|x64
		{34CA5A84-14E6-4642-B113-CFFCF0A16BF3}.Debug|x64.Deploy.0 = Debug|x64
		{34CA5A84-14E6-4642-B113-CFFCF0A16BF3}.Release|Any CPU.ActiveCfg = Release|x64
		{34CA5A84-14E6-4642-B113-CFFCF0A16BF3}.Release|Any CPU.Build.0 = Release|x64
		{34CA5A84-14E6-4642-B113-CFFCF0A16BF3}.Release|Any CPU.Deploy.0 = Release|x64
		{34CA5A84-14E6-4642-B113-CFFCF0A16BF3}.Release|x64.ActiveCfg = Release|x64
		{34CA5A84-14E6-4642-B113-CFFCF0A16BF3}.Release|x64.Build.0 = Release|x64
		{34CA5A84-14E6-4642-B113-CFFCF0A16BF3}.Release|x64.Deploy.0 = Release|x64
		{1969C5EF-9F70-4F0A-A609-E3B210891A9C}.Debug|Any CPU.ActiveCfg = Debug|x64
		{1969C5EF-9F70-4F0A-A609-E3B210891A9C}.Debug|Any CPU.Build.0 = Debug|x64
		{1969C5EF-9F70-4F0A-A609-E3B210891A9C}.Debug|x64.ActiveCfg = Debug|x64
		{1969C5EF-9F70-4F0A-A609-E3B210891A9C}.Debug|x64.Build.0 = Debug|x64
		{1969C5EF-9F70-4F0A-A609-E3B210891A9C}.Release|Any CPU.ActiveCfg = Release|x64
		{1969C5EF-9F70-4F0A-A609-E3B210891A9C}.Release|Any CPU.Build.0 = Release|x64
		{1969C5EF-9F70-4F0A-A609-E3B210891A9C}.Release|x64.ActiveCfg = Release|x64
		{1969C5EF-9F70-4F0A-A609-E3B210891A9C}.Release|x64.Build.0 = Release|x64
		{BD8AB4EA-DE95-4AC8-B596-ABC7F71FBDC1}.Debug|Any CPU.ActiveCfg = Debug|x64
		{BD8AB4EA-DE95-4AC8-B596-ABC7F71FBDC1}.Debug|Any CPU.Build.0 = Debug|x64
		{BD8AB4EA-DE95-4AC8-B596-ABC7F71FBDC1}.Debug|x64.ActiveCfg = Debug|x64
		{BD8AB4EA-DE95-4AC8-B596-ABC7F71FBDC1}.Debug|x64.Build.0 = Debug|x64
		{BD8AB4EA-DE95-4AC8-B596-ABC7F71FBDC1}.Release|Any CPU.ActiveCfg = Release|x64
		{BD8AB4EA-DE95-4AC8-B596-ABC7F71FBDC1}.Release|Any CPU.Build.0 = Release|x64
		{BD8AB4EA-DE95-4AC8-B596-ABC7F71FBDC1}.Release|x64.ActiveCfg = Release|x64
		{BD8AB4EA-DE95-4AC8-B596-ABC7F71FBDC1}.Release|x64.Build.0 = Release|x64
		{9FC486AE-E46C-4FD0-8901-CC5844AFE29E}.Debug|Any CPU.ActiveCfg = Debug|Any CPU
		{9FC486AE-E46C-4FD0-8901-CC5844AFE29E}.Debug|Any CPU.Build.0 = Debug|Any CPU
		{9FC486AE-E46C-4FD0-8901-CC5844AFE29E}.Debug|x64.ActiveCfg = Debug|Any CPU
		{9FC486AE-E46C-4FD0-8901-CC5844AFE29E}.Debug|x64.Build.0 = Debug|Any CPU
		{9FC486AE-E46C-4FD0-8901-CC5844AFE29E}.Release|Any CPU.ActiveCfg = Release|Any CPU
		{9FC486AE-E46C-4FD0-8901-CC5844AFE29E}.Release|Any CPU.Build.0 = Release|Any CPU
		{9FC486AE-E46C-4FD0-8901-CC5844AFE29E}.Release|x64.ActiveCfg = Release|Any CPU
		{9FC486AE-E46C-4FD0-8901-CC5844AFE29E}.Release|x64.Build.0 = Release|Any CPU
	EndGlobalSection
	GlobalSection(SolutionProperties) = preSolution
		HideSolutionNode = FALSE
	EndGlobalSection
	GlobalSection(ExtensibilityGlobals) = postSolution
		SolutionGuid = {48B21CF8-7078-49A3-9037-93C0649D8FDF}
	EndGlobalSection
EndGlobal
